<?xml version="1.0" encoding="utf-8"?>
<Project ToolsVersion="4.0" xmlns="http://schemas.microsoft.com/developer/msbuild/2003">
  <ItemGroup>
    <ClInclude Include="include\goth2018_game_project\graphics\graphics.hpp">
      <Filter>include\goth2018_game_project\graphics</Filter>
    </ClInclude>
    <ClInclude Include="test\goth2018_game_project\test\entity.hpp">
      <Filter>test\goth2018_game_project\test</Filter>
    </ClInclude>
    <ClInclude Include="test\goth2018_game_project\test\graphics.hpp">
      <Filter>test\goth2018_game_project\test</Filter>
    </ClInclude>
    <ClInclude Include="test\goth2018_game_project\test\interactive_test.hpp">
      <Filter>test\goth2018_game_project\test</Filter>
    </ClInclude>
    <ClInclude Include="include\goth2018_game_project\configuration.hpp">
      <Filter>include\goth2018_game_project</Filter>
    </ClInclude>
    <ClInclude Include="include\goth2018_game_project\engine\core.hpp">
      <Filter>include\goth2018_game_project\engine</Filter>
    </ClInclude>
    <ClInclude Include="include\goth2018_game_project\engine\scene.hpp">
      <Filter>include\goth2018_game_project\engine</Filter>
    </ClInclude>
    <ClInclude Include="include\goth2018_game_project\sfml_wrappers.hpp">
      <Filter>include</Filter>
    </ClInclude>
    <ClInclude Include="include\goth2018_game_project\game_implementation\scene\space_map.hpp">
      <Filter>include\goth2018_game_project\game_implementation\scene</Filter>
    </ClInclude>
    <ClInclude Include="include\goth2018_game_project\game_implementation\scene\exploration.hpp">
      <Filter>include\goth2018_game_project\game_implementation\scene</Filter>
    </ClInclude>
    <ClInclude Include="include\goth2018_game_project\engine\entity.hpp">
      <Filter>include\goth2018_game_project\engine</Filter>
    </ClInclude>
    <ClInclude Include="include\goth2018_game_project\engine\collision.hpp">
      <Filter>include\goth2018_game_project\engine</Filter>
    </ClInclude>
    <ClInclude Include="include\goth2018_game_project\engine\fps_manager.hpp">
      <Filter>include\goth2018_game_project\engine</Filter>
    </ClInclude>
  </ItemGroup>
  <ItemGroup>
    <Filter Include="include">
      <UniqueIdentifier>{fed83c7c-b13b-4e8b-b687-0daa7f389a23}</UniqueIdentifier>
    </Filter>
    <Filter Include="source">
      <UniqueIdentifier>{6cdf1456-12dc-4361-9d06-ec3a3075a1b3}</UniqueIdentifier>
    </Filter>
    <Filter Include="ressource">
      <UniqueIdentifier>{1807c35c-d206-4d78-a72d-b8ce9f727393}</UniqueIdentifier>
    </Filter>
    <Filter Include="test">
      <UniqueIdentifier>{29c0b8ad-f65b-4783-8d56-baf348fb85b0}</UniqueIdentifier>
    </Filter>
    <Filter Include="include\goth2018_game_project">
      <UniqueIdentifier>{37b155aa-c7b1-4d23-b9bc-27dc0560b0d7}</UniqueIdentifier>
    </Filter>
    <Filter Include="test\goth2018_game_project">
      <UniqueIdentifier>{06c00171-c2ca-4a8d-acbc-65c5949135ab}</UniqueIdentifier>
    </Filter>
    <Filter Include="test\goth2018_game_project\test">
      <UniqueIdentifier>{0dc5caa5-a560-45be-9f44-0be9f90f29ee}</UniqueIdentifier>
    </Filter>
    <Filter Include="include\goth2018_game_project\graphics">
      <UniqueIdentifier>{4a245403-03bc-4b89-83f0-27c1b6516182}</UniqueIdentifier>
    </Filter>
    <Filter Include="include\goth2018_game_project\engine">
      <UniqueIdentifier>{ecf6424b-b3d0-45f8-95a5-38144d2c746b}</UniqueIdentifier>
    </Filter>
    <Filter Include="ressource\audio">
      <UniqueIdentifier>{9a233cf8-e3b9-428f-848c-304961bb2917}</UniqueIdentifier>
    </Filter>
    <Filter Include="ressource\audio\music">
      <UniqueIdentifier>{dc7cd9cd-fae0-49e9-945e-f04c9eaf3373}</UniqueIdentifier>
    </Filter>
    <Filter Include="ressource\image">
      <UniqueIdentifier>{17f17722-4952-437c-addf-603790e5625a}</UniqueIdentifier>
    </Filter>
    <Filter Include="ressource\image\background">
      <UniqueIdentifier>{ef4d1c1b-6e02-43c4-99b9-2e62a5e14f65}</UniqueIdentifier>
    </Filter>
    <Filter Include="ressource\image\sprite">
      <UniqueIdentifier>{3112b3c6-7ac6-4e8b-875b-a09bef7bc056}</UniqueIdentifier>
    </Filter>
    <Filter Include="ressource\audio\sound">
      <UniqueIdentifier>{3be96f03-1149-47cc-b547-2a17c6709198}</UniqueIdentifier>
    </Filter>
    <Filter Include="include\goth2018_game_project\game_implementation">
      <UniqueIdentifier>{583c2068-ecea-4d14-9a5f-d2a0e8078c7c}</UniqueIdentifier>
    </Filter>
    <Filter Include="include\goth2018_game_project\game_implementation\scene">
      <UniqueIdentifier>{737b1f1f-dbb1-47b5-a652-acdc0555c51d}</UniqueIdentifier>
    </Filter>
  </ItemGroup>
  <ItemGroup>
    <ClCompile Include="source\Source.cpp">
      <Filter>source</Filter>
    </ClCompile>
    <ClCompile Include="..\..\..\..\EXT_LIBS\imgui-sfml\imgui-SFML.cpp">
      <Filter>source</Filter>
    </ClCompile>
    <ClCompile Include="..\..\..\..\EXT_LIBS\imgui\imgui_draw.cpp">
      <Filter>source</Filter>
    </ClCompile>
    <ClCompile Include="..\..\..\..\EXT_LIBS\imgui\imgui.cpp">
      <Filter>source</Filter>
    </ClCompile>
    <ClCompile Include="..\..\..\..\EXT_LIBS\imgui\imgui_widgets.cpp">
      <Filter>source</Filter>
    </ClCompile>
  </ItemGroup>
  <ItemGroup>
    <Image Include="..\ressources\image\background\background.png">
      <Filter>ressource\image\background</Filter>
    </Image>
    <Image Include="..\ressources\image\background\phoenix_landing.jpg">
      <Filter>ressource\image\background</Filter>
    </Image>
    <Image Include="..\ressources\image\background\planet_cartoon_landscape.png">
      <Filter>ressource\image\background</Filter>
    </Image>
    <Image Include="..\ressources\image\sprite\explosion.png">
      <Filter>ressource\image\sprite</Filter>
    </Image>
    <Image Include="..\ressources\image\sprite\ships.png">
      <Filter>ressource\image\sprite</Filter>
    </Image>
    <Image Include="..\ressources\image\sprite\spaceship.PNG">
      <Filter>ressource\image\sprite</Filter>
    </Image>
    <Image Include="..\ressources\image\sprite\test.png">
      <Filter>ressource\image\sprite</Filter>
    </Image>
  </ItemGroup>
</Project>